
Microsoft Visual Studio Solution File, Format Version 12.00
# Visual Studio 14
VisualStudioVersion = 14.0.23107.0
MinimumVisualStudioVersion = 10.0.40219.1
Project("{FAE04EC0-301F-11D3-BF4B-00C04F79EFBC}") = "AngularTemplateCacheBundle", "AngularTemplateCacheBundle\AngularTemplateCacheBundle.csproj", "{C2F5E95A-895B-40D7-BFD2-32A6CD3843DB}"
EndProject
Project("{2150E333-8FDC-42A3-9474-1A3956D46DE8}") = "items", "items", "{B7F089AA-B985-4E32-98B9-4DD7DC99581E}"
	ProjectSection(SolutionItems) = preProject
		.gitattributes = .gitattributes
		.gitignore = .gitignore
		LICENSE = LICENSE
		Package.nuspec = Package.nuspec
		README.md = README.md
	EndProjectSection
EndProject
Project("{2150E333-8FDC-42A3-9474-1A3956D46DE8}") = ".build", ".build", "{CC4E33E5-0377-4CCE-A1F9-EC9716961840}"
	ProjectSection(SolutionItems) = preProject
		Build.proj = Build.proj
		.build\MSBuild.Community.Tasks.dll = .build\MSBuild.Community.Tasks.dll
		.build\MSBuild.Community.Tasks.targets = .build\MSBuild.Community.Tasks.targets
	EndProjectSection
EndProject
Global
	GlobalSection(SolutionConfigurationPlatforms) = preSolution
		Debug|Any CPU = Debug|Any CPU
		Release|Any CPU = Release|Any CPU
	EndGlobalSection
	GlobalSection(ProjectConfigurationPlatforms) = postSolution
		{C2F5E95A-895B-40D7-BFD2-32A6CD3843DB}.Debug|Any CPU.ActiveCfg = Debug|Any CPU
		{C2F5E95A-895B-40D7-BFD2-32A6CD3843DB}.Debug|Any CPU.Build.0 = Debug|Any CPU
		{C2F5E95A-895B-40D7-BFD2-32A6CD3843DB}.Release|Any CPU.ActiveCfg = Release|Any CPU
		{C2F5E95A-895B-40D7-BFD2-32A6CD3843DB}.Release|Any CPU.Build.0 = Release|Any CPU
	EndGlobalSection
	GlobalSection(SolutionProperties) = preSolution
		HideSolutionNode = FALSE
	EndGlobalSection
EndGlobal
